
Microsoft Visual Studio Solution File, Format Version 12.00
# Visual Studio Version 18
VisualStudioVersion = 18.5.11612.153 insiders
MinimumVisualStudioVersion = 10.0.40219.1
Project("{FAE04EC0-301F-11D3-BF4B-00C04F79EFBC}") = "AlexaToExcel", "AlexaToExcel.csproj", "{17596083-8B4D-6AD9-5EBE-23DABDD2EA20}"
EndProject
Global
	GlobalSection(SolutionConfigurationPlatforms) = preSolution
		Debug|Any CPU = Debug|Any CPU
		Release|Any CPU = Release|Any CPU
	EndGlobalSection
	GlobalSection(ProjectConfigurationPlatforms) = postSolution
		{17596083-8B4D-6AD9-5EBE-23DABDD2EA20}.Debug|Any CPU.ActiveCfg = Debug|Any CPU
		{17596083-8B4D-6AD9-5EBE-23DABDD2EA20}.Debug|Any CPU.Build.0 = Debug|Any CPU
		{17596083-8B4D-6AD9-5EBE-23DABDD2EA20}.Release|Any CPU.ActiveCfg = Release|Any CPU
		{17596083-8B4D-6AD9-5EBE-23DABDD2EA20}.Release|Any CPU.Build.0 = Release|Any CPU
	EndGlobalSection
	GlobalSection(SolutionProperties) = preSolution
		HideSolutionNode = FALSE
	EndGlobalSection
	GlobalSection(ExtensibilityGlobals) = postSolution
		SolutionGuid = {781393E3-F628-4179-BA2B-1AD52CC7F102}
	EndGlobalSection
EndGlobal
